// !$*UTF8*$!
{
	archiveVersion = 1;
	classes = {
	};
	objectVersion = 50;
	objects = {

/* Begin PBXBuildFile section */
		84E6039B24AF3467009B6CAD /* AppDelegate.swift in Sources */ = {isa = PBXBuildFile; fileRef = 84E6039A24AF3467009B6CAD /* AppDelegate.swift */; };
		84E6039D24AF3467009B6CAD /* SceneDelegate.swift in Sources */ = {isa = PBXBuildFile; fileRef = 84E6039C24AF3467009B6CAD /* SceneDelegate.swift */; };
		84E6039F24AF3467009B6CAD /* ViewController.swift in Sources */ = {isa = PBXBuildFile; fileRef = 84E6039E24AF3467009B6CAD /* ViewController.swift */; };
		84E603A224AF3467009B6CAD /* Main.storyboard in Resources */ = {isa = PBXBuildFile; fileRef = 84E603A024AF3467009B6CAD /* Main.storyboard */; };
		84E603A524AF3467009B6CAD /* movie_db2.xcdatamodeld in Sources */ = {isa = PBXBuildFile; fileRef = 84E603A324AF3467009B6CAD /* movie_db2.xcdatamodeld */; };
		84E603A724AF3472009B6CAD /* Assets.xcassets in Resources */ = {isa = PBXBuildFile; fileRef = 84E603A624AF3472009B6CAD /* Assets.xcassets */; };
		84E603AA24AF3472009B6CAD /* LaunchScreen.storyboard in Resources */ = {isa = PBXBuildFile; fileRef = 84E603A824AF3472009B6CAD /* LaunchScreen.storyboard */; };
		84E603B524AF66D4009B6CAD /* HeaderCollectionViewCell.swift in Sources */ = {isa = PBXBuildFile; fileRef = 84E603B324AF66D4009B6CAD /* HeaderCollectionViewCell.swift */; };
		84E603B624AF66D4009B6CAD /* HeaderCollectionViewCell.xib in Resources */ = {isa = PBXBuildFile; fileRef = 84E603B424AF66D4009B6CAD /* HeaderCollectionViewCell.xib */; };
		84E603BA24AF68D2009B6CAD /* MovieCollectionViewCell.swift in Sources */ = {isa = PBXBuildFile; fileRef = 84E603B824AF68D2009B6CAD /* MovieCollectionViewCell.swift */; };
		84E603BB24AF68D3009B6CAD /* MovieCollectionViewCell.xib in Resources */ = {isa = PBXBuildFile; fileRef = 84E603B924AF68D2009B6CAD /* MovieCollectionViewCell.xib */; };
		84E603BE24AF6AC6009B6CAD /* download+image.swift in Sources */ = {isa = PBXBuildFile; fileRef = 84E603BD24AF6AC6009B6CAD /* download+image.swift */; };
		D859F28D24AF3846001CD4CA /* Movie.swift in Sources */ = {isa = PBXBuildFile; fileRef = D859F28C24AF3846001CD4CA /* Movie.swift */; };
		D859F29024AF3857001CD4CA /* APIService.swift in Sources */ = {isa = PBXBuildFile; fileRef = D859F28F24AF3857001CD4CA /* APIService.swift */; };
/* End PBXBuildFile section */

/* Begin PBXFileReference section */
		84E6039724AF3467009B6CAD /* movie-db2.app */ = {isa = PBXFileReference; explicitFileType = wrapper.application; includeInIndex = 0; path = "movie-db2.app"; sourceTree = BUILT_PRODUCTS_DIR; };
		84E6039A24AF3467009B6CAD /* AppDelegate.swift */ = {isa = PBXFileReference; lastKnownFileType = sourcecode.swift; path = AppDelegate.swift; sourceTree = "<group>"; };
		84E6039C24AF3467009B6CAD /* SceneDelegate.swift */ = {isa = PBXFileReference; lastKnownFileType = sourcecode.swift; path = SceneDelegate.swift; sourceTree = "<group>"; };
		84E6039E24AF3467009B6CAD /* ViewController.swift */ = {isa = PBXFileReference; lastKnownFileType = sourcecode.swift; path = ViewController.swift; sourceTree = "<group>"; };
		84E603A124AF3467009B6CAD /* Base */ = {isa = PBXFileReference; lastKnownFileType = file.storyboard; name = Base; path = Base.lproj/Main.storyboard; sourceTree = "<group>"; };
		84E603A424AF3467009B6CAD /* movie_db2.xcdatamodel */ = {isa = PBXFileReference; lastKnownFileType = wrapper.xcdatamodel; path = movie_db2.xcdatamodel; sourceTree = "<group>"; };
		84E603A624AF3472009B6CAD /* Assets.xcassets */ = {isa = PBXFileReference; lastKnownFileType = folder.assetcatalog; path = Assets.xcassets; sourceTree = "<group>"; };
		84E603A924AF3472009B6CAD /* Base */ = {isa = PBXFileReference; lastKnownFileType = file.storyboard; name = Base; path = Base.lproj/LaunchScreen.storyboard; sourceTree = "<group>"; };
		84E603AB24AF3472009B6CAD /* Info.plist */ = {isa = PBXFileReference; lastKnownFileType = text.plist.xml; path = Info.plist; sourceTree = "<group>"; };
		84E603B324AF66D4009B6CAD /* HeaderCollectionViewCell.swift */ = {isa = PBXFileReference; lastKnownFileType = sourcecode.swift; path = HeaderCollectionViewCell.swift; sourceTree = "<group>"; };
		84E603B424AF66D4009B6CAD /* HeaderCollectionViewCell.xib */ = {isa = PBXFileReference; lastKnownFileType = file.xib; path = HeaderCollectionViewCell.xib; sourceTree = "<group>"; };
		84E603B824AF68D2009B6CAD /* MovieCollectionViewCell.swift */ = {isa = PBXFileReference; lastKnownFileType = sourcecode.swift; path = MovieCollectionViewCell.swift; sourceTree = "<group>"; };
		84E603B924AF68D2009B6CAD /* MovieCollectionViewCell.xib */ = {isa = PBXFileReference; lastKnownFileType = file.xib; path = MovieCollectionViewCell.xib; sourceTree = "<group>"; };
		84E603BD24AF6AC6009B6CAD /* download+image.swift */ = {isa = PBXFileReference; lastKnownFileType = sourcecode.swift; path = "download+image.swift"; sourceTree = "<group>"; };
		D859F28C24AF3846001CD4CA /* Movie.swift */ = {isa = PBXFileReference; lastKnownFileType = sourcecode.swift; path = Movie.swift; sourceTree = "<group>"; };
		D859F28F24AF3857001CD4CA /* APIService.swift */ = {isa = PBXFileReference; lastKnownFileType = sourcecode.swift; path = APIService.swift; sourceTree = "<group>"; };
/* End PBXFileReference section */

/* Begin PBXFrameworksBuildPhase section */
		84E6039424AF3467009B6CAD /* Frameworks */ = {
			isa = PBXFrameworksBuildPhase;
			buildActionMask = 2147483647;
			files = (
			);
			runOnlyForDeploymentPostprocessing = 0;
		};
/* End PBXFrameworksBuildPhase section */

/* Begin PBXGroup section */
		84E6038E24AF3466009B6CAD = {
			isa = PBXGroup;
			children = (
				84E6039924AF3467009B6CAD /* movie-db2 */,
				84E6039824AF3467009B6CAD /* Products */,
			);
			sourceTree = "<group>";
		};
		84E6039824AF3467009B6CAD /* Products */ = {
			isa = PBXGroup;
			children = (
				84E6039724AF3467009B6CAD /* movie-db2.app */,
			);
			name = Products;
			sourceTree = "<group>";
		};
		84E6039924AF3467009B6CAD /* movie-db2 */ = {
			isa = PBXGroup;
			children = (
				84E603BC24AF6AA6009B6CAD /* Extensions */,
				84E603B124AF66A3009B6CAD /* Cells */,
				D859F28E24AF384B001CD4CA /* Services */,
				D859F28B24AF383B001CD4CA /* Models */,
				84E6039A24AF3467009B6CAD /* AppDelegate.swift */,
				84E6039C24AF3467009B6CAD /* SceneDelegate.swift */,
				84E6039E24AF3467009B6CAD /* ViewController.swift */,
				84E603A024AF3467009B6CAD /* Main.storyboard */,
				84E603A624AF3472009B6CAD /* Assets.xcassets */,
				84E603A824AF3472009B6CAD /* LaunchScreen.storyboard */,
				84E603AB24AF3472009B6CAD /* Info.plist */,
				84E603A324AF3467009B6CAD /* movie_db2.xcdatamodeld */,
			);
			path = "movie-db2";
			sourceTree = "<group>";
		};
		84E603B124AF66A3009B6CAD /* Cells */ = {
			isa = PBXGroup;
			children = (
				84E603B724AF68C0009B6CAD /* MovieCell */,
				84E603B224AF66BD009B6CAD /* HeaderCell */,
			);
			path = Cells;
			sourceTree = "<group>";
		};
		84E603B224AF66BD009B6CAD /* HeaderCell */ = {
			isa = PBXGroup;
			children = (
				84E603B324AF66D4009B6CAD /* HeaderCollectionViewCell.swift */,
				84E603B424AF66D4009B6CAD /* HeaderCollectionViewCell.xib */,
			);
			path = HeaderCell;
			sourceTree = "<group>";
		};
		84E603B724AF68C0009B6CAD /* MovieCell */ = {
			isa = PBXGroup;
			children = (
				84E603B824AF68D2009B6CAD /* MovieCollectionViewCell.swift */,
				84E603B924AF68D2009B6CAD /* MovieCollectionViewCell.xib */,
			);
			path = MovieCell;
			sourceTree = "<group>";
		};
		84E603BC24AF6AA6009B6CAD /* Extensions */ = {
			isa = PBXGroup;
			children = (
				84E603BD24AF6AC6009B6CAD /* download+image.swift */,
			);
			path = Extensions;
			sourceTree = "<group>";
		};
		D859F28B24AF383B001CD4CA /* Models */ = {
			isa = PBXGroup;
			children = (
				D859F28C24AF3846001CD4CA /* Movie.swift */,
			);
			path = Models;
			sourceTree = "<group>";
		};
		D859F28E24AF384B001CD4CA /* Services */ = {
			isa = PBXGroup;
			children = (
				D859F28F24AF3857001CD4CA /* APIService.swift */,
			);
			path = Services;
			sourceTree = "<group>";
		};
/* End PBXGroup section */

/* Begin PBXNativeTarget section */
		84E6039624AF3467009B6CAD /* movie-db2 */ = {
			isa = PBXNativeTarget;
			buildConfigurationList = 84E603AE24AF3472009B6CAD /* Build configuration list for PBXNativeTarget "movie-db2" */;
			buildPhases = (
				84E6039324AF3467009B6CAD /* Sources */,
				84E6039424AF3467009B6CAD /* Frameworks */,
				84E6039524AF3467009B6CAD /* Resources */,
			);
			buildRules = (
			);
			dependencies = (
			);
			name = "movie-db2";
			productName = "movie-db2";
			productReference = 84E6039724AF3467009B6CAD /* movie-db2.app */;
			productType = "com.apple.product-type.application";
		};
/* End PBXNativeTarget section */

/* Begin PBXProject section */
		84E6038F24AF3466009B6CAD /* Project object */ = {
			isa = PBXProject;
			attributes = {
				LastSwiftUpdateCheck = 1150;
				LastUpgradeCheck = 1150;
				ORGANIZATIONNAME = "Mishka TBC";
				TargetAttributes = {
					84E6039624AF3467009B6CAD = {
						CreatedOnToolsVersion = 11.5;
					};
				};
			};
			buildConfigurationList = 84E6039224AF3466009B6CAD /* Build configuration list for PBXProject "movie-db2" */;
			compatibilityVersion = "Xcode 9.3";
			developmentRegion = en;
			hasScannedForEncodings = 0;
			knownRegions = (
				en,
				Base,
			);
			mainGroup = 84E6038E24AF3466009B6CAD;
			productRefGroup = 84E6039824AF3467009B6CAD /* Products */;
			projectDirPath = "";
			projectRoot = "";
			targets = (
				84E6039624AF3467009B6CAD /* movie-db2 */,
			);
		};
/* End PBXProject section */

/* Begin PBXResourcesBuildPhase section */
		84E6039524AF3467009B6CAD /* Resources */ = {
			isa = PBXResourcesBuildPhase;
			buildActionMask = 2147483647;
			files = (
				84E603BB24AF68D3009B6CAD /* MovieCollectionViewCell.xib in Resources */,
				84E603AA24AF3472009B6CAD /* LaunchScreen.storyboard in Resources */,
				84E603B624AF66D4009B6CAD /* HeaderCollectionViewCell.xib in Resources */,
				84E603A724AF3472009B6CAD /* Assets.xcassets in Resources */,
				84E603A224AF3467009B6CAD /* Main.storyboard in Resources */,
			);
			runOnlyForDeploymentPostprocessing = 0;
		};
/* End PBXResourcesBuildPhase section */

/* Begin PBXSourcesBuildPhase section */
		84E6039324AF3467009B6CAD /* Sources */ = {
			isa = PBXSourcesBuildPhase;
			buildActionMask = 2147483647;
			files = (
				84E6039F24AF3467009B6CAD /* ViewController.swift in Sources */,
				84E603A524AF3467009B6CAD /* movie_db2.xcdatamodeld in Sources */,
				84E6039B24AF3467009B6CAD /* AppDelegate.swift in Sources */,
				84E603B524AF66D4009B6CAD /* HeaderCollectionViewCell.swift in Sources */,
				84E6039D24AF3467009B6CAD /* SceneDelegate.swift in Sources */,
				D859F29024AF3857001CD4CA /* APIService.swift in Sources */,
				D859F28D24AF3846001CD4CA /* Movie.swift in Sources */,
				84E603BE24AF6AC6009B6CAD /* download+image.swift in Sources */,
				84E603BA24AF68D2009B6CAD /* MovieCollectionViewCell.swift in Sources */,
			);
			runOnlyForDeploymentPostprocessing = 0;
		};
/* End PBXSourcesBuildPhase section */

/* Begin PBXVariantGroup section */
		84E603A024AF3467009B6CAD /* Main.storyboard */ = {
			isa = PBXVariantGroup;
			children = (
				84E603A124AF3467009B6CAD /* Base */,
			);
			name = Main.storyboard;
			sourceTree = "<group>";
		};
		84E603A824AF3472009B6CAD /* LaunchScreen.storyboard */ = {
			isa = PBXVariantGroup;
			children = (
				84E603A924AF3472009B6CAD /* Base */,
			);
			name = LaunchScreen.storyboard;
			sourceTree = "<group>";
		};
/* End PBXVariantGroup section */

/* Begin XCBuildConfiguration section */
		84E603AC24AF3472009B6CAD /* Debug */ = {
			isa = XCBuildConfiguration;
			buildSettings = {
				ALWAYS_SEARCH_USER_PATHS = NO;
				CLANG_ANALYZER_NONNULL = YES;
				CLANG_ANALYZER_NUMBER_OBJECT_CONVERSION = YES_AGGRESSIVE;
				CLANG_CXX_LANGUAGE_STANDARD = "gnu++14";
				CLANG_CXX_LIBRARY = "libc++";
				CLANG_ENABLE_MODULES = YES;
				CLANG_ENABLE_OBJC_ARC = YES;
				CLANG_ENABLE_OBJC_WEAK = YES;
				CLANG_WARN_BLOCK_CAPTURE_AUTORELEASING = YES;
				CLANG_WARN_BOOL_CONVERSION = YES;
				CLANG_WARN_COMMA = YES;
				CLANG_WARN_CONSTANT_CONVERSION = YES;
				CLANG_WARN_DEPRECATED_OBJC_IMPLEMENTATIONS = YES;
				CLANG_WARN_DIRECT_OBJC_ISA_USAGE = YES_ERROR;
				CLANG_WARN_DOCUMENTATION_COMMENTS = YES;
				CLANG_WARN_EMPTY_BODY = YES;
				CLANG_WARN_ENUM_CONVERSION = YES;
				CLANG_WARN_INFINITE_RECURSION = YES;
				CLANG_WARN_INT_CONVERSION = YES;
				CLANG_WARN_NON_LITERAL_NULL_CONVERSION = YES;
				CLANG_WARN_OBJC_IMPLICIT_RETAIN_SELF = YES;
				CLANG_WARN_OBJC_LITERAL_CONVERSION = YES;
				CLANG_WARN_OBJC_ROOT_CLASS = YES_ERROR;
				CLANG_WARN_RANGE_LOOP_ANALYSIS = YES;
				CLANG_WARN_STRICT_PROTOTYPES = YES;
				CLANG_WARN_SUSPICIOUS_MOVE = YES;
				CLANG_WARN_UNGUARDED_AVAILABILITY = YES_AGGRESSIVE;
				CLANG_WARN_UNREACHABLE_CODE = YES;
				CLANG_WARN__DUPLICATE_METHOD_MATCH = YES;
				COPY_PHASE_STRIP = NO;
				DEBUG_INFORMATION_FORMAT = dwarf;
				ENABLE_STRICT_OBJC_MSGSEND = YES;
				ENABLE_TESTABILITY = YES;
				GCC_C_LANGUAGE_STANDARD = gnu11;
				GCC_DYNAMIC_NO_PIC = NO;
				GCC_NO_COMMON_BLOCKS = YES;
				GCC_OPTIMIZATION_LEVEL = 0;
				GCC_PREPROCESSOR_DEFINITIONS = (
					"DEBUG=1",
					"$(inherited)",
				);
				GCC_WARN_64_TO_32_BIT_CONVERSION = YES;
				GCC_WARN_ABOUT_RETURN_TYPE = YES_ERROR;
				GCC_WARN_UNDECLARED_SELECTOR = YES;
				GCC_WARN_UNINITIALIZED_AUTOS = YES_AGGRESSIVE;
				GCC_WARN_UNUSED_FUNCTION = YES;
				GCC_WARN_UNUSED_VARIABLE = YES;
				IPHONEOS_DEPLOYMENT_TARGET = 13.5;
				MTL_ENABLE_DEBUG_INFO = INCLUDE_SOURCE;
				MTL_FAST_MATH = YES;
				ONLY_ACTIVE_ARCH = YES;
				SDKROOT = iphoneos;
				SWIFT_ACTIVE_COMPILATION_CONDITIONS = DEBUG;
				SWIFT_OPTIMIZATION_LEVEL = "-Onone";
			};
			name = Debug;
		};
		84E603AD24AF3472009B6CAD /* Release */ = {
			isa = XCBuildConfiguration;
			buildSettings = {
				ALWAYS_SEARCH_USER_PATHS = NO;
				CLANG_ANALYZER_NONNULL = YES;
				CLANG_ANALYZER_NUMBER_OBJECT_CONVERSION = YES_AGGRESSIVE;
				CLANG_CXX_LANGUAGE_STANDARD = "gnu++14";
				CLANG_CXX_LIBRARY = "libc++";
				CLANG_ENABLE_MODULES = YES;
				CLANG_ENABLE_OBJC_ARC = YES;
				CLANG_ENABLE_OBJC_WEAK = YES;
				CLANG_WARN_BLOCK_CAPTURE_AUTORELEASING = YES;
				CLANG_WARN_BOOL_CONVERSION = YES;
				CLANG_WARN_COMMA = YES;
				CLANG_WARN_CONSTANT_CONVERSION = YES;
				CLANG_WARN_DEPRECATED_OBJC_IMPLEMENTATIONS = YES;
				CLANG_WARN_DIRECT_OBJC_ISA_USAGE = YES_ERROR;
				CLANG_WARN_DOCUMENTATION_COMMENTS = YES;
				CLANG_WARN_EMPTY_BODY = YES;
				CLANG_WARN_ENUM_CONVERSION = YES;
				CLANG_WARN_INFINITE_RECURSION = YES;
				CLANG_WARN_INT_CONVERSION = YES;
				CLANG_WARN_NON_LITERAL_NULL_CONVERSION = YES;
				CLANG_WARN_OBJC_IMPLICIT_RETAIN_SELF = YES;
				CLANG_WARN_OBJC_LITERAL_CONVERSION = YES;
				CLANG_WARN_OBJC_ROOT_CLASS = YES_ERROR;
				CLANG_WARN_RANGE_LOOP_ANALYSIS = YES;
				CLANG_WARN_STRICT_PROTOTYPES = YES;
				CLANG_WARN_SUSPICIOUS_MOVE = YES;
				CLANG_WARN_UNGUARDED_AVAILABILITY = YES_AGGRESSIVE;
				CLANG_WARN_UNREACHABLE_CODE = YES;
				CLANG_WARN__DUPLICATE_METHOD_MATCH = YES;
				COPY_PHASE_STRIP = NO;
				DEBUG_INFORMATION_FORMAT = "dwarf-with-dsym";
				ENABLE_NS_ASSERTIONS = NO;
				ENABLE_STRICT_OBJC_MSGSEND = YES;
				GCC_C_LANGUAGE_STANDARD = gnu11;
				GCC_NO_COMMON_BLOCKS = YES;
				GCC_WARN_64_TO_32_BIT_CONVERSION = YES;
				GCC_WARN_ABOUT_RETURN_TYPE = YES_ERROR;
				GCC_WARN_UNDECLARED_SELECTOR = YES;
				GCC_WARN_UNINITIALIZED_AUTOS = YES_AGGRESSIVE;
				GCC_WARN_UNUSED_FUNCTION = YES;
				GCC_WARN_UNUSED_VARIABLE = YES;
				IPHONEOS_DEPLOYMENT_TARGET = 13.5;
				MTL_ENABLE_DEBUG_INFO = NO;
				MTL_FAST_MATH = YES;
				SDKROOT = iphoneos;
				SWIFT_COMPILATION_MODE = wholemodule;
				SWIFT_OPTIMIZATION_LEVEL = "-O";
				VALIDATE_PRODUCT = YES;
			};
			name = Release;
		};
		84E603AF24AF3472009B6CAD /* Debug */ = {
			isa = XCBuildConfiguration;
			buildSettings = {
				ASSETCATALOG_COMPILER_APPICON_NAME = AppIcon;
				CODE_SIGN_STYLE = Automatic;
				INFOPLIST_FILE = "movie-db2/Info.plist";
				LD_RUNPATH_SEARCH_PATHS = (
					"$(inherited)",
					"@executable_path/Frameworks",
				);
				PRODUCT_BUNDLE_IDENTIFIER = "mishka.tbc.movie-db2";
				PRODUCT_NAME = "$(TARGET_NAME)";
				SWIFT_VERSION = 5.0;
				TARGETED_DEVICE_FAMILY = "1,2";
			};
			name = Debug;
		};
		84E603B024AF3472009B6CAD /* Release */ = {
			isa = XCBuildConfiguration;
			buildSettings = {
				ASSETCATALOG_COMPILER_APPICON_NAME = AppIcon;
				CODE_SIGN_STYLE = Automatic;
				INFOPLIST_FILE = "movie-db2/Info.plist";
				LD_RUNPATH_SEARCH_PATHS = (
					"$(inherited)",
					"@executable_path/Frameworks",
				);
				PRODUCT_BUNDLE_IDENTIFIER = "mishka.tbc.movie-db2";
				PRODUCT_NAME = "$(TARGET_NAME)";
				SWIFT_VERSION = 5.0;
				TARGETED_DEVICE_FAMILY = "1,2";
			};
			name = Release;
		};
/* End XCBuildConfiguration section */

/* Begin XCConfigurationList section */
		84E6039224AF3466009B6CAD /* Build configuration list for PBXProject "movie-db2" */ = {
			isa = XCConfigurationList;
			buildConfigurations = (
				84E603AC24AF3472009B6CAD /* Debug */,
				84E603AD24AF3472009B6CAD /* Release */,
			);
			defaultConfigurationIsVisible = 0;
			defaultConfigurationName = Release;
		};
		84E603AE24AF3472009B6CAD /* Build configuration list for PBXNativeTarget "movie-db2" */ = {
			isa = XCConfigurationList;
			buildConfigurations = (
				84E603AF24AF3472009B6CAD /* Debug */,
				84E603B024AF3472009B6CAD /* Release */,
			);
			defaultConfigurationIsVisible = 0;
			defaultConfigurationName = Release;
		};
/* End XCConfigurationList section */

/* Begin XCVersionGroup section */
		84E603A324AF3467009B6CAD /* movie_db2.xcdatamodeld */ = {
			isa = XCVersionGroup;
			children = (
				84E603A424AF3467009B6CAD /* movie_db2.xcdatamodel */,
			);
			currentVersion = 84E603A424AF3467009B6CAD /* movie_db2.xcdatamodel */;
			path = movie_db2.xcdatamodeld;
			sourceTree = "<group>";
			versionGroupType = wrapper.xcdatamodel;
		};
/* End XCVersionGroup section */
	};
	rootObject = 84E6038F24AF3466009B6CAD /* Project object */;
}
